
Microsoft Visual Studio Solution File, Format Version 12.00
Project("{FAE04EC0-301F-11D3-BF4B-00C04F79EFBC}") = "Acme.Automation.Core", "Acme.Automation.Core\Acme.Automation.Core.csproj", "{175DAFE0-0747-4412-8D9F-57213E39F231}"
EndProject
Project("{FAE04EC0-301F-11D3-BF4B-00C04F79EFBC}") = "Acme.Automation.SimpleRunner", "Acme.Automation.SimpleRunner\Acme.Automation.SimpleRunner.csproj", "{AAB641C8-074E-4B8C-85AE-92131B419017}"
EndProject
Project("{FAE04EC0-301F-11D3-BF4B-00C04F79EFBC}") = "Acme.Automation.Connectors", "Acme.Automation.Connectors\Acme.Automation.Connectors.csproj", "{F859BD2E-1A58-415F-95D0-1052212BC5C8}"
EndProject
Global
	GlobalSection(SolutionConfigurationPlatforms) = preSolution
		Debug|Any CPU = Debug|Any CPU
		Release|Any CPU = Release|Any CPU
	EndGlobalSection
	GlobalSection(ProjectConfigurationPlatforms) = postSolution
		{175DAFE0-0747-4412-8D9F-57213E39F231}.Debug|Any CPU.ActiveCfg = Debug|Any CPU
		{175DAFE0-0747-4412-8D9F-57213E39F231}.Debug|Any CPU.Build.0 = Debug|Any CPU
		{175DAFE0-0747-4412-8D9F-57213E39F231}.Release|Any CPU.ActiveCfg = Release|Any CPU
		{175DAFE0-0747-4412-8D9F-57213E39F231}.Release|Any CPU.Build.0 = Release|Any CPU
		{AAB641C8-074E-4B8C-85AE-92131B419017}.Debug|Any CPU.ActiveCfg = Debug|Any CPU
		{AAB641C8-074E-4B8C-85AE-92131B419017}.Debug|Any CPU.Build.0 = Debug|Any CPU
		{AAB641C8-074E-4B8C-85AE-92131B419017}.Release|Any CPU.ActiveCfg = Release|Any CPU
		{AAB641C8-074E-4B8C-85AE-92131B419017}.Release|Any CPU.Build.0 = Release|Any CPU
		{F859BD2E-1A58-415F-95D0-1052212BC5C8}.Debug|Any CPU.ActiveCfg = Debug|Any CPU
		{F859BD2E-1A58-415F-95D0-1052212BC5C8}.Debug|Any CPU.Build.0 = Debug|Any CPU
		{F859BD2E-1A58-415F-95D0-1052212BC5C8}.Release|Any CPU.ActiveCfg = Release|Any CPU
		{F859BD2E-1A58-415F-95D0-1052212BC5C8}.Release|Any CPU.Build.0 = Release|Any CPU
	EndGlobalSection
EndGlobal
