
Microsoft Visual Studio Solution File, Format Version 12.00
Project("{FAE04EC0-301F-11D3-BF4B-00C04F79EFBC}") = "Acme.Automation.Core", "Acme.Automation.Core\Acme.Automation.Core.csproj", "{175DAFE0-0747-4412-8D9F-57213E39F231}"
EndProject
Project("{FAE04EC0-301F-11D3-BF4B-00C04F79EFBC}") = "Acme.Automation.SimpleRunner", "Acme.Automation.SimpleRunner\Acme.Automation.SimpleRunner.csproj", "{AAB641C8-074E-4B8C-85AE-92131B419017}"
EndProject
Project("{FAE04EC0-301F-11D3-BF4B-00C04F79EFBC}") = "Acme.Automation.Connectors", "Acme.Automation.Connectors\Acme.Automation.Connectors.csproj", "{F859BD2E-1A58-415F-95D0-1052212BC5C8}"
EndProject
Project("{FAE04EC0-301F-11D3-BF4B-00C04F79EFBC}") = "Acme.Automation.Rules", "Acme.Automation.Rules\Acme.Automation.Rules.csproj", "{72CEADCF-DB6A-4C80-A239-9CDDD556C3E3}"
EndProject
Project("{FAE04EC0-301F-11D3-BF4B-00C04F79EFBC}") = "Acme.Automation.Processors", "Acme.Automation.Processors\Acme.Automation.Processors.csproj", "{9747A1C3-1EDB-4F5F-9BDE-FFD8A49B9600}"
EndProject
Project("{FAE04EC0-301F-11D3-BF4B-00C04F79EFBC}") = "Acme.Automation.Servers.Smtp", "Acme.Automation.Servers.Smtp\Acme.Automation.Servers.Smtp.csproj", "{6DCA9A1F-95E9-4579-9D53-7402D80A01D7}"
EndProject
Project("{FAE04EC0-301F-11D3-BF4B-00C04F79EFBC}") = "Acme.Automation.Servers.Smtp.ConsoleHost", "Acme.Automation.Servers.Smtp.ConsoleHost\Acme.Automation.Servers.Smtp.ConsoleHost.csproj", "{E03CE142-D02B-43FE-B0C5-AEEAD14494E5}"
EndProject
Project("{FAE04EC0-301F-11D3-BF4B-00C04F79EFBC}") = "Acme.Automation.Servers.Smtp.ConsoleClient", "Acme.Automation.Servers.Smtp.ConsoleClient\Acme.Automation.Servers.Smtp.ConsoleClient.csproj", "{F319C5CD-1B3B-4334-B253-D22C2F68B274}"
EndProject
Project("{FAE04EC0-301F-11D3-BF4B-00C04F79EFBC}") = "Acme.Automation.WebRunner", "Acme.Automation.WebRunner\Acme.Automation.WebRunner.csproj", "{83ED3D3D-E332-42BB-AFEC-91C79B7CA69D}"
EndProject
Project("{2150E333-8FDC-42A3-9474-1A3956D46DE8}") = "Runners", "Runners", "{EC1E95CA-24E5-49E8-BD1A-2588EDC89A50}"
EndProject
Project("{2150E333-8FDC-42A3-9474-1A3956D46DE8}") = "Main", "Main", "{73215AF1-BCC3-4524-A8A7-7F3E8A452C9E}"
EndProject
Project("{2150E333-8FDC-42A3-9474-1A3956D46DE8}") = "R&D", "R&D", "{8BE7FDB3-0DB1-49F1-8D97-24F286866365}"
EndProject
Project("{FAE04EC0-301F-11D3-BF4B-00C04F79EFBC}") = "Acme.Automation.Activators", "Acme.Automation.Activators\Acme.Automation.Activators.csproj", "{90536BA7-413A-426B-A31A-D129ACEBFDAB}"
EndProject
Global
	GlobalSection(SolutionConfigurationPlatforms) = preSolution
		Debug|Any CPU = Debug|Any CPU
		Release|Any CPU = Release|Any CPU
	EndGlobalSection
	GlobalSection(ProjectConfigurationPlatforms) = postSolution
		{175DAFE0-0747-4412-8D9F-57213E39F231}.Debug|Any CPU.ActiveCfg = Debug|Any CPU
		{175DAFE0-0747-4412-8D9F-57213E39F231}.Debug|Any CPU.Build.0 = Debug|Any CPU
		{175DAFE0-0747-4412-8D9F-57213E39F231}.Release|Any CPU.ActiveCfg = Release|Any CPU
		{175DAFE0-0747-4412-8D9F-57213E39F231}.Release|Any CPU.Build.0 = Release|Any CPU
		{AAB641C8-074E-4B8C-85AE-92131B419017}.Debug|Any CPU.ActiveCfg = Debug|Any CPU
		{AAB641C8-074E-4B8C-85AE-92131B419017}.Debug|Any CPU.Build.0 = Debug|Any CPU
		{AAB641C8-074E-4B8C-85AE-92131B419017}.Release|Any CPU.ActiveCfg = Release|Any CPU
		{AAB641C8-074E-4B8C-85AE-92131B419017}.Release|Any CPU.Build.0 = Release|Any CPU
		{F859BD2E-1A58-415F-95D0-1052212BC5C8}.Debug|Any CPU.ActiveCfg = Debug|Any CPU
		{F859BD2E-1A58-415F-95D0-1052212BC5C8}.Debug|Any CPU.Build.0 = Debug|Any CPU
		{F859BD2E-1A58-415F-95D0-1052212BC5C8}.Release|Any CPU.ActiveCfg = Release|Any CPU
		{F859BD2E-1A58-415F-95D0-1052212BC5C8}.Release|Any CPU.Build.0 = Release|Any CPU
		{72CEADCF-DB6A-4C80-A239-9CDDD556C3E3}.Debug|Any CPU.ActiveCfg = Debug|Any CPU
		{72CEADCF-DB6A-4C80-A239-9CDDD556C3E3}.Debug|Any CPU.Build.0 = Debug|Any CPU
		{72CEADCF-DB6A-4C80-A239-9CDDD556C3E3}.Release|Any CPU.ActiveCfg = Release|Any CPU
		{72CEADCF-DB6A-4C80-A239-9CDDD556C3E3}.Release|Any CPU.Build.0 = Release|Any CPU
		{9747A1C3-1EDB-4F5F-9BDE-FFD8A49B9600}.Debug|Any CPU.ActiveCfg = Debug|Any CPU
		{9747A1C3-1EDB-4F5F-9BDE-FFD8A49B9600}.Debug|Any CPU.Build.0 = Debug|Any CPU
		{9747A1C3-1EDB-4F5F-9BDE-FFD8A49B9600}.Release|Any CPU.ActiveCfg = Release|Any CPU
		{9747A1C3-1EDB-4F5F-9BDE-FFD8A49B9600}.Release|Any CPU.Build.0 = Release|Any CPU
		{6DCA9A1F-95E9-4579-9D53-7402D80A01D7}.Debug|Any CPU.ActiveCfg = Debug|Any CPU
		{6DCA9A1F-95E9-4579-9D53-7402D80A01D7}.Debug|Any CPU.Build.0 = Debug|Any CPU
		{6DCA9A1F-95E9-4579-9D53-7402D80A01D7}.Release|Any CPU.ActiveCfg = Release|Any CPU
		{6DCA9A1F-95E9-4579-9D53-7402D80A01D7}.Release|Any CPU.Build.0 = Release|Any CPU
		{E03CE142-D02B-43FE-B0C5-AEEAD14494E5}.Debug|Any CPU.ActiveCfg = Debug|Any CPU
		{E03CE142-D02B-43FE-B0C5-AEEAD14494E5}.Debug|Any CPU.Build.0 = Debug|Any CPU
		{E03CE142-D02B-43FE-B0C5-AEEAD14494E5}.Release|Any CPU.ActiveCfg = Release|Any CPU
		{E03CE142-D02B-43FE-B0C5-AEEAD14494E5}.Release|Any CPU.Build.0 = Release|Any CPU
		{F319C5CD-1B3B-4334-B253-D22C2F68B274}.Debug|Any CPU.ActiveCfg = Debug|Any CPU
		{F319C5CD-1B3B-4334-B253-D22C2F68B274}.Debug|Any CPU.Build.0 = Debug|Any CPU
		{F319C5CD-1B3B-4334-B253-D22C2F68B274}.Release|Any CPU.ActiveCfg = Release|Any CPU
		{F319C5CD-1B3B-4334-B253-D22C2F68B274}.Release|Any CPU.Build.0 = Release|Any CPU
		{83ED3D3D-E332-42BB-AFEC-91C79B7CA69D}.Debug|Any CPU.ActiveCfg = Debug|Any CPU
		{83ED3D3D-E332-42BB-AFEC-91C79B7CA69D}.Debug|Any CPU.Build.0 = Debug|Any CPU
		{83ED3D3D-E332-42BB-AFEC-91C79B7CA69D}.Release|Any CPU.ActiveCfg = Release|Any CPU
		{83ED3D3D-E332-42BB-AFEC-91C79B7CA69D}.Release|Any CPU.Build.0 = Release|Any CPU
		{90536BA7-413A-426B-A31A-D129ACEBFDAB}.Debug|Any CPU.ActiveCfg = Debug|Any CPU
		{90536BA7-413A-426B-A31A-D129ACEBFDAB}.Debug|Any CPU.Build.0 = Debug|Any CPU
		{90536BA7-413A-426B-A31A-D129ACEBFDAB}.Release|Any CPU.ActiveCfg = Release|Any CPU
		{90536BA7-413A-426B-A31A-D129ACEBFDAB}.Release|Any CPU.Build.0 = Release|Any CPU
	EndGlobalSection
	GlobalSection(NestedProjects) = preSolution
		{83ED3D3D-E332-42BB-AFEC-91C79B7CA69D} = {EC1E95CA-24E5-49E8-BD1A-2588EDC89A50}
		{AAB641C8-074E-4B8C-85AE-92131B419017} = {EC1E95CA-24E5-49E8-BD1A-2588EDC89A50}
		{F859BD2E-1A58-415F-95D0-1052212BC5C8} = {73215AF1-BCC3-4524-A8A7-7F3E8A452C9E}
		{175DAFE0-0747-4412-8D9F-57213E39F231} = {73215AF1-BCC3-4524-A8A7-7F3E8A452C9E}
		{9747A1C3-1EDB-4F5F-9BDE-FFD8A49B9600} = {73215AF1-BCC3-4524-A8A7-7F3E8A452C9E}
		{72CEADCF-DB6A-4C80-A239-9CDDD556C3E3} = {73215AF1-BCC3-4524-A8A7-7F3E8A452C9E}
		{F319C5CD-1B3B-4334-B253-D22C2F68B274} = {8BE7FDB3-0DB1-49F1-8D97-24F286866365}
		{E03CE142-D02B-43FE-B0C5-AEEAD14494E5} = {8BE7FDB3-0DB1-49F1-8D97-24F286866365}
		{90536BA7-413A-426B-A31A-D129ACEBFDAB} = {73215AF1-BCC3-4524-A8A7-7F3E8A452C9E}
		{6DCA9A1F-95E9-4579-9D53-7402D80A01D7} = {73215AF1-BCC3-4524-A8A7-7F3E8A452C9E}
	EndGlobalSection
EndGlobal
